{
  "requires": true,
  "lockfileVersion": 1,
  "dependencies": {
    "vue-google-maps-location-selector": {
      "version": "1.0.1",
      "resolved": "https://registry.npmjs.org/vue-google-maps-location-selector/-/vue-google-maps-location-selector-1.0.1.tgz",
      "integrity": "sha1-p73Yg+h1Y9Fda/XAm4X9P+X1BKk="
    }
  }
}
